// !$*UTF8*$!
{
	archiveVersion = 1;
	classes = {
	};
	objectVersion = 46;
	objects = {

/* Begin PBXBuildFile section */
		67E524651D01E3920092743A /* main.m in Sources */ = {isa = PBXBuildFile; fileRef = 67E524641D01E3920092743A /* main.m */; };
		67E524681D01E3920092743A /* AppDelegate.m in Sources */ = {isa = PBXBuildFile; fileRef = 67E524671D01E3920092743A /* AppDelegate.m */; };
		67E5246B1D01E3920092743A /* ViewController.m in Sources */ = {isa = PBXBuildFile; fileRef = 67E5246A1D01E3920092743A /* ViewController.m */; };
		67E5246E1D01E3920092743A /* Main.storyboard in Resources */ = {isa = PBXBuildFile; fileRef = 67E5246C1D01E3920092743A /* Main.storyboard */; };
		67E524701D01E3920092743A /* Assets.xcassets in Resources */ = {isa = PBXBuildFile; fileRef = 67E5246F1D01E3920092743A /* Assets.xcassets */; };
		67E524731D01E3920092743A /* LaunchScreen.storyboard in Resources */ = {isa = PBXBuildFile; fileRef = 67E524711D01E3920092743A /* LaunchScreen.storyboard */; };
		67E5247E1D01E3920092743A /* AnAvdTests.m in Sources */ = {isa = PBXBuildFile; fileRef = 67E5247D1D01E3920092743A /* AnAvdTests.m */; };
		67E524891D01E3920092743A /* AnAvdUITests.m in Sources */ = {isa = PBXBuildFile; fileRef = 67E524881D01E3920092743A /* AnAvdUITests.m */; };
		67E5249D1D01EA0C0092743A /* BaseViewController.m in Sources */ = {isa = PBXBuildFile; fileRef = 67E5249C1D01EA0C0092743A /* BaseViewController.m */; };
		67E524AC1D01ED2E0092743A /* FirstViewController.m in Sources */ = {isa = PBXBuildFile; fileRef = 67E524AB1D01ED2E0092743A /* FirstViewController.m */; };
		67E524AF1D01ED3B0092743A /* SecondViewController.m in Sources */ = {isa = PBXBuildFile; fileRef = 67E524AE1D01ED3B0092743A /* SecondViewController.m */; };
		67E524B21D01ED470092743A /* ThreeViewController.m in Sources */ = {isa = PBXBuildFile; fileRef = 67E524B11D01ED470092743A /* ThreeViewController.m */; };
		67E524B51D01ED520092743A /* FourViewController.m in Sources */ = {isa = PBXBuildFile; fileRef = 67E524B41D01ED520092743A /* FourViewController.m */; };
/* End PBXBuildFile section */

/* Begin PBXContainerItemProxy section */
		67E5247A1D01E3920092743A /* PBXContainerItemProxy */ = {
			isa = PBXContainerItemProxy;
			containerPortal = 67E524581D01E3920092743A /* Project object */;
			proxyType = 1;
			remoteGlobalIDString = 67E5245F1D01E3920092743A;
			remoteInfo = AnAvd;
		};
		67E524851D01E3920092743A /* PBXContainerItemProxy */ = {
			isa = PBXContainerItemProxy;
			containerPortal = 67E524581D01E3920092743A /* Project object */;
			proxyType = 1;
			remoteGlobalIDString = 67E5245F1D01E3920092743A;
			remoteInfo = AnAvd;
		};
/* End PBXContainerItemProxy section */

/* Begin PBXFileReference section */
		67E524601D01E3920092743A /* AnAvd.app */ = {isa = PBXFileReference; explicitFileType = wrapper.application; includeInIndex = 0; path = AnAvd.app; sourceTree = BUILT_PRODUCTS_DIR; };
		67E524641D01E3920092743A /* main.m */ = {isa = PBXFileReference; lastKnownFileType = sourcecode.c.objc; path = main.m; sourceTree = "<group>"; };
		67E524661D01E3920092743A /* AppDelegate.h */ = {isa = PBXFileReference; lastKnownFileType = sourcecode.c.h; path = AppDelegate.h; sourceTree = "<group>"; };
		67E524671D01E3920092743A /* AppDelegate.m */ = {isa = PBXFileReference; lastKnownFileType = sourcecode.c.objc; path = AppDelegate.m; sourceTree = "<group>"; };
		67E524691D01E3920092743A /* ViewController.h */ = {isa = PBXFileReference; lastKnownFileType = sourcecode.c.h; path = ViewController.h; sourceTree = "<group>"; };
		67E5246A1D01E3920092743A /* ViewController.m */ = {isa = PBXFileReference; lastKnownFileType = sourcecode.c.objc; path = ViewController.m; sourceTree = "<group>"; };
		67E5246D1D01E3920092743A /* Base */ = {isa = PBXFileReference; lastKnownFileType = file.storyboard; name = Base; path = Base.lproj/Main.storyboard; sourceTree = "<group>"; };
		67E5246F1D01E3920092743A /* Assets.xcassets */ = {isa = PBXFileReference; lastKnownFileType = folder.assetcatalog; path = Assets.xcassets; sourceTree = "<group>"; };
		67E524721D01E3920092743A /* Base */ = {isa = PBXFileReference; lastKnownFileType = file.storyboard; name = Base; path = Base.lproj/LaunchScreen.storyboard; sourceTree = "<group>"; };
		67E524741D01E3920092743A /* Info.plist */ = {isa = PBXFileReference; lastKnownFileType = text.plist.xml; path = Info.plist; sourceTree = "<group>"; };
		67E524791D01E3920092743A /* AnAvdTests.xctest */ = {isa = PBXFileReference; explicitFileType = wrapper.cfbundle; includeInIndex = 0; path = AnAvdTests.xctest; sourceTree = BUILT_PRODUCTS_DIR; };
		67E5247D1D01E3920092743A /* AnAvdTests.m */ = {isa = PBXFileReference; lastKnownFileType = sourcecode.c.objc; path = AnAvdTests.m; sourceTree = "<group>"; };
		67E5247F1D01E3920092743A /* Info.plist */ = {isa = PBXFileReference; lastKnownFileType = text.plist.xml; path = Info.plist; sourceTree = "<group>"; };
		67E524841D01E3920092743A /* AnAvdUITests.xctest */ = {isa = PBXFileReference; explicitFileType = wrapper.cfbundle; includeInIndex = 0; path = AnAvdUITests.xctest; sourceTree = BUILT_PRODUCTS_DIR; };
		67E524881D01E3920092743A /* AnAvdUITests.m */ = {isa = PBXFileReference; lastKnownFileType = sourcecode.c.objc; path = AnAvdUITests.m; sourceTree = "<group>"; };
		67E5248A1D01E3920092743A /* Info.plist */ = {isa = PBXFileReference; lastKnownFileType = text.plist.xml; path = Info.plist; sourceTree = "<group>"; };
		67E5249B1D01EA0C0092743A /* BaseViewController.h */ = {isa = PBXFileReference; fileEncoding = 4; lastKnownFileType = sourcecode.c.h; path = BaseViewController.h; sourceTree = "<group>"; };
		67E5249C1D01EA0C0092743A /* BaseViewController.m */ = {isa = PBXFileReference; fileEncoding = 4; lastKnownFileType = sourcecode.c.objc; path = BaseViewController.m; sourceTree = "<group>"; };
		67E524AA1D01ED2E0092743A /* FirstViewController.h */ = {isa = PBXFileReference; fileEncoding = 4; lastKnownFileType = sourcecode.c.h; path = FirstViewController.h; sourceTree = "<group>"; };
		67E524AB1D01ED2E0092743A /* FirstViewController.m */ = {isa = PBXFileReference; fileEncoding = 4; lastKnownFileType = sourcecode.c.objc; path = FirstViewController.m; sourceTree = "<group>"; };
		67E524AD1D01ED3B0092743A /* SecondViewController.h */ = {isa = PBXFileReference; fileEncoding = 4; lastKnownFileType = sourcecode.c.h; path = SecondViewController.h; sourceTree = "<group>"; };
		67E524AE1D01ED3B0092743A /* SecondViewController.m */ = {isa = PBXFileReference; fileEncoding = 4; lastKnownFileType = sourcecode.c.objc; path = SecondViewController.m; sourceTree = "<group>"; };
		67E524B01D01ED470092743A /* ThreeViewController.h */ = {isa = PBXFileReference; fileEncoding = 4; lastKnownFileType = sourcecode.c.h; path = ThreeViewController.h; sourceTree = "<group>"; };
		67E524B11D01ED470092743A /* ThreeViewController.m */ = {isa = PBXFileReference; fileEncoding = 4; lastKnownFileType = sourcecode.c.objc; path = ThreeViewController.m; sourceTree = "<group>"; };
		67E524B31D01ED520092743A /* FourViewController.h */ = {isa = PBXFileReference; fileEncoding = 4; lastKnownFileType = sourcecode.c.h; path = FourViewController.h; sourceTree = "<group>"; };
		67E524B41D01ED520092743A /* FourViewController.m */ = {isa = PBXFileReference; fileEncoding = 4; lastKnownFileType = sourcecode.c.objc; path = FourViewController.m; sourceTree = "<group>"; };
/* End PBXFileReference section */

/* Begin PBXFrameworksBuildPhase section */
		67E5245D1D01E3920092743A /* Frameworks */ = {
			isa = PBXFrameworksBuildPhase;
			buildActionMask = 2147483647;
			files = (
			);
			runOnlyForDeploymentPostprocessing = 0;
		};
		67E524761D01E3920092743A /* Frameworks */ = {
			isa = PBXFrameworksBuildPhase;
			buildActionMask = 2147483647;
			files = (
			);
			runOnlyForDeploymentPostprocessing = 0;
		};
		67E524811D01E3920092743A /* Frameworks */ = {
			isa = PBXFrameworksBuildPhase;
			buildActionMask = 2147483647;
			files = (
			);
			runOnlyForDeploymentPostprocessing = 0;
		};
/* End PBXFrameworksBuildPhase section */

/* Begin PBXGroup section */
		67E524571D01E3920092743A = {
			isa = PBXGroup;
			children = (
				67E524621D01E3920092743A /* AnAvd */,
				67E5247C1D01E3920092743A /* AnAvdTests */,
				67E524871D01E3920092743A /* AnAvdUITests */,
				67E524611D01E3920092743A /* Products */,
			);
			sourceTree = "<group>";
		};
		67E524611D01E3920092743A /* Products */ = {
			isa = PBXGroup;
			children = (
				67E524601D01E3920092743A /* AnAvd.app */,
				67E524791D01E3920092743A /* AnAvdTests.xctest */,
				67E524841D01E3920092743A /* AnAvdUITests.xctest */,
			);
			name = Products;
			sourceTree = "<group>";
		};
		67E524621D01E3920092743A /* AnAvd */ = {
			isa = PBXGroup;
			children = (
				67E524961D01E9450092743A /* Classes */,
				67E524661D01E3920092743A /* AppDelegate.h */,
				67E524671D01E3920092743A /* AppDelegate.m */,
				67E524691D01E3920092743A /* ViewController.h */,
				67E5246A1D01E3920092743A /* ViewController.m */,
				67E5246C1D01E3920092743A /* Main.storyboard */,
				67E5246F1D01E3920092743A /* Assets.xcassets */,
				67E524711D01E3920092743A /* LaunchScreen.storyboard */,
				67E524741D01E3920092743A /* Info.plist */,
				67E524631D01E3920092743A /* Supporting Files */,
			);
			path = AnAvd;
			sourceTree = "<group>";
		};
		67E524631D01E3920092743A /* Supporting Files */ = {
			isa = PBXGroup;
			children = (
				67E524641D01E3920092743A /* main.m */,
			);
			name = "Supporting Files";
			sourceTree = "<group>";
		};
		67E5247C1D01E3920092743A /* AnAvdTests */ = {
			isa = PBXGroup;
			children = (
				67E5247D1D01E3920092743A /* AnAvdTests.m */,
				67E5247F1D01E3920092743A /* Info.plist */,
			);
			path = AnAvdTests;
			sourceTree = "<group>";
		};
		67E524871D01E3920092743A /* AnAvdUITests */ = {
			isa = PBXGroup;
			children = (
				67E524881D01E3920092743A /* AnAvdUITests.m */,
				67E5248A1D01E3920092743A /* Info.plist */,
			);
			path = AnAvdUITests;
			sourceTree = "<group>";
		};
		67E524961D01E9450092743A /* Classes */ = {
			isa = PBXGroup;
			children = (
				67E5249B1D01EA0C0092743A /* BaseViewController.h */,
				67E5249C1D01EA0C0092743A /* BaseViewController.m */,
				67E5249A1D01E9610092743A /* 4 */,
				67E524991D01E95D0092743A /* 3 */,
				67E524981D01E9580092743A /* 2 */,
				67E524971D01E9510092743A /* 1 */,
			);
			name = Classes;
			sourceTree = "<group>";
		};
		67E524971D01E9510092743A /* 1 */ = {
			isa = PBXGroup;
			children = (
				67E524AA1D01ED2E0092743A /* FirstViewController.h */,
				67E524AB1D01ED2E0092743A /* FirstViewController.m */,
			);
			name = 1;
			sourceTree = "<group>";
		};
		67E524981D01E9580092743A /* 2 */ = {
			isa = PBXGroup;
			children = (
				67E524AD1D01ED3B0092743A /* SecondViewController.h */,
				67E524AE1D01ED3B0092743A /* SecondViewController.m */,
			);
			name = 2;
			sourceTree = "<group>";
		};
		67E524991D01E95D0092743A /* 3 */ = {
			isa = PBXGroup;
			children = (
				67E524B01D01ED470092743A /* ThreeViewController.h */,
				67E524B11D01ED470092743A /* ThreeViewController.m */,
			);
			name = 3;
			sourceTree = "<group>";
		};
		67E5249A1D01E9610092743A /* 4 */ = {
			isa = PBXGroup;
			children = (
				67E524B31D01ED520092743A /* FourViewController.h */,
				67E524B41D01ED520092743A /* FourViewController.m */,
			);
			name = 4;
			sourceTree = "<group>";
		};
/* End PBXGroup section */

/* Begin PBXNativeTarget section */
		67E5245F1D01E3920092743A /* AnAvd */ = {
			isa = PBXNativeTarget;
			buildConfigurationList = 67E5248D1D01E3920092743A /* Build configuration list for PBXNativeTarget "AnAvd" */;
			buildPhases = (
				67E5245C1D01E3920092743A /* Sources */,
				67E5245D1D01E3920092743A /* Frameworks */,
				67E5245E1D01E3920092743A /* Resources */,
			);
			buildRules = (
			);
			dependencies = (
			);
			name = AnAvd;
			productName = AnAvd;
			productReference = 67E524601D01E3920092743A /* AnAvd.app */;
			productType = "com.apple.product-type.application";
		};
		67E524781D01E3920092743A /* AnAvdTests */ = {
			isa = PBXNativeTarget;
			buildConfigurationList = 67E524901D01E3920092743A /* Build configuration list for PBXNativeTarget "AnAvdTests" */;
			buildPhases = (
				67E524751D01E3920092743A /* Sources */,
				67E524761D01E3920092743A /* Frameworks */,
				67E524771D01E3920092743A /* Resources */,
			);
			buildRules = (
			);
			dependencies = (
				67E5247B1D01E3920092743A /* PBXTargetDependency */,
			);
			name = AnAvdTests;
			productName = AnAvdTests;
			productReference = 67E524791D01E3920092743A /* AnAvdTests.xctest */;
			productType = "com.apple.product-type.bundle.unit-test";
		};
		67E524831D01E3920092743A /* AnAvdUITests */ = {
			isa = PBXNativeTarget;
			buildConfigurationList = 67E524931D01E3920092743A /* Build configuration list for PBXNativeTarget "AnAvdUITests" */;
			buildPhases = (
				67E524801D01E3920092743A /* Sources */,
				67E524811D01E3920092743A /* Frameworks */,
				67E524821D01E3920092743A /* Resources */,
			);
			buildRules = (
			);
			dependencies = (
				67E524861D01E3920092743A /* PBXTargetDependency */,
			);
			name = AnAvdUITests;
			productName = AnAvdUITests;
			productReference = 67E524841D01E3920092743A /* AnAvdUITests.xctest */;
			productType = "com.apple.product-type.bundle.ui-testing";
		};
/* End PBXNativeTarget section */

/* Begin PBXProject section */
		67E524581D01E3920092743A /* Project object */ = {
			isa = PBXProject;
			attributes = {
				LastUpgradeCheck = 0730;
				ORGANIZATIONNAME = "Anurag Sharma";
				TargetAttributes = {
					67E5245F1D01E3920092743A = {
						CreatedOnToolsVersion = 7.3;
						DevelopmentTeam = 5JZ4R6V9NV;
					};
					67E524781D01E3920092743A = {
						CreatedOnToolsVersion = 7.3;
						TestTargetID = 67E5245F1D01E3920092743A;
					};
					67E524831D01E3920092743A = {
						CreatedOnToolsVersion = 7.3;
						TestTargetID = 67E5245F1D01E3920092743A;
					};
				};
			};
			buildConfigurationList = 67E5245B1D01E3920092743A /* Build configuration list for PBXProject "AnAvd" */;
			compatibilityVersion = "Xcode 3.2";
			developmentRegion = English;
			hasScannedForEncodings = 0;
			knownRegions = (
				en,
				Base,
			);
			mainGroup = 67E524571D01E3920092743A;
			productRefGroup = 67E524611D01E3920092743A /* Products */;
			projectDirPath = "";
			projectRoot = "";
			targets = (
				67E5245F1D01E3920092743A /* AnAvd */,
				67E524781D01E3920092743A /* AnAvdTests */,
				67E524831D01E3920092743A /* AnAvdUITests */,
			);
		};
/* End PBXProject section */

/* Begin PBXResourcesBuildPhase section */
		67E5245E1D01E3920092743A /* Resources */ = {
			isa = PBXResourcesBuildPhase;
			buildActionMask = 2147483647;
			files = (
				67E524731D01E3920092743A /* LaunchScreen.storyboard in Resources */,
				67E524701D01E3920092743A /* Assets.xcassets in Resources */,
				67E5246E1D01E3920092743A /* Main.storyboard in Resources */,
			);
			runOnlyForDeploymentPostprocessing = 0;
		};
		67E524771D01E3920092743A /* Resources */ = {
			isa = PBXResourcesBuildPhase;
			buildActionMask = 2147483647;
			files = (
			);
			runOnlyForDeploymentPostprocessing = 0;
		};
		67E524821D01E3920092743A /* Resources */ = {
			isa = PBXResourcesBuildPhase;
			buildActionMask = 2147483647;
			files = (
			);
			runOnlyForDeploymentPostprocessing = 0;
		};
/* End PBXResourcesBuildPhase section */

/* Begin PBXSourcesBuildPhase section */
		67E5245C1D01E3920092743A /* Sources */ = {
			isa = PBXSourcesBuildPhase;
			buildActionMask = 2147483647;
			files = (
				67E524AF1D01ED3B0092743A /* SecondViewController.m in Sources */,
				67E524B21D01ED470092743A /* ThreeViewController.m in Sources */,
				67E524B51D01ED520092743A /* FourViewController.m in Sources */,
				67E5246B1D01E3920092743A /* ViewController.m in Sources */,
				67E5249D1D01EA0C0092743A /* BaseViewController.m in Sources */,
				67E524AC1D01ED2E0092743A /* FirstViewController.m in Sources */,
				67E524681D01E3920092743A /* AppDelegate.m in Sources */,
				67E524651D01E3920092743A /* main.m in Sources */,
			);
			runOnlyForDeploymentPostprocessing = 0;
		};
		67E524751D01E3920092743A /* Sources */ = {
			isa = PBXSourcesBuildPhase;
			buildActionMask = 2147483647;
			files = (
				67E5247E1D01E3920092743A /* AnAvdTests.m in Sources */,
			);
			runOnlyForDeploymentPostprocessing = 0;
		};
		67E524801D01E3920092743A /* Sources */ = {
			isa = PBXSourcesBuildPhase;
			buildActionMask = 2147483647;
			files = (
				67E524891D01E3920092743A /* AnAvdUITests.m in Sources */,
			);
			runOnlyForDeploymentPostprocessing = 0;
		};
/* End PBXSourcesBuildPhase section */

/* Begin PBXTargetDependency section */
		67E5247B1D01E3920092743A /* PBXTargetDependency */ = {
			isa = PBXTargetDependency;
			target = 67E5245F1D01E3920092743A /* AnAvd */;
			targetProxy = 67E5247A1D01E3920092743A /* PBXContainerItemProxy */;
		};
		67E524861D01E3920092743A /* PBXTargetDependency */ = {
			isa = PBXTargetDependency;
			target = 67E5245F1D01E3920092743A /* AnAvd */;
			targetProxy = 67E524851D01E3920092743A /* PBXContainerItemProxy */;
		};
/* End PBXTargetDependency section */

/* Begin PBXVariantGroup section */
		67E5246C1D01E3920092743A /* Main.storyboard */ = {
			isa = PBXVariantGroup;
			children = (
				67E5246D1D01E3920092743A /* Base */,
			);
			name = Main.storyboard;
			sourceTree = "<group>";
		};
		67E524711D01E3920092743A /* LaunchScreen.storyboard */ = {
			isa = PBXVariantGroup;
			children = (
				67E524721D01E3920092743A /* Base */,
			);
			name = LaunchScreen.storyboard;
			sourceTree = "<group>";
		};
/* End PBXVariantGroup section */

/* Begin XCBuildConfiguration section */
		67E5248B1D01E3920092743A /* Debug */ = {
			isa = XCBuildConfiguration;
			buildSettings = {
				ALWAYS_SEARCH_USER_PATHS = NO;
				CLANG_ANALYZER_NONNULL = YES;
				CLANG_CXX_LANGUAGE_STANDARD = "gnu++0x";
				CLANG_CXX_LIBRARY = "libc++";
				CLANG_ENABLE_MODULES = YES;
				CLANG_ENABLE_OBJC_ARC = YES;
				CLANG_WARN_BOOL_CONVERSION = YES;
				CLANG_WARN_CONSTANT_CONVERSION = YES;
				CLANG_WARN_DIRECT_OBJC_ISA_USAGE = YES_ERROR;
				CLANG_WARN_EMPTY_BODY = YES;
				CLANG_WARN_ENUM_CONVERSION = YES;
				CLANG_WARN_INT_CONVERSION = YES;
				CLANG_WARN_OBJC_ROOT_CLASS = YES_ERROR;
				CLANG_WARN_UNREACHABLE_CODE = YES;
				CLANG_WARN__DUPLICATE_METHOD_MATCH = YES;
				"CODE_SIGN_IDENTITY[sdk=iphoneos*]" = "iPhone Developer";
				COPY_PHASE_STRIP = NO;
				DEBUG_INFORMATION_FORMAT = dwarf;
				ENABLE_STRICT_OBJC_MSGSEND = YES;
				ENABLE_TESTABILITY = YES;
				GCC_C_LANGUAGE_STANDARD = gnu99;
				GCC_DYNAMIC_NO_PIC = NO;
				GCC_NO_COMMON_BLOCKS = YES;
				GCC_OPTIMIZATION_LEVEL = 0;
				GCC_PREPROCESSOR_DEFINITIONS = (
					"DEBUG=1",
					"$(inherited)",
				);
				GCC_WARN_64_TO_32_BIT_CONVERSION = YES;
				GCC_WARN_ABOUT_RETURN_TYPE = YES_ERROR;
				GCC_WARN_UNDECLARED_SELECTOR = YES;
				GCC_WARN_UNINITIALIZED_AUTOS = YES_AGGRESSIVE;
				GCC_WARN_UNUSED_FUNCTION = YES;
				GCC_WARN_UNUSED_VARIABLE = YES;
				IPHONEOS_DEPLOYMENT_TARGET = 9.3;
				MTL_ENABLE_DEBUG_INFO = YES;
				ONLY_ACTIVE_ARCH = YES;
				SDKROOT = iphoneos;
				TARGETED_DEVICE_FAMILY = "1,2";
			};
			name = Debug;
		};
		67E5248C1D01E3920092743A /* Release */ = {
			isa = XCBuildConfiguration;
			buildSettings = {
				ALWAYS_SEARCH_USER_PATHS = NO;
				CLANG_ANALYZER_NONNULL = YES;
				CLANG_CXX_LANGUAGE_STANDARD = "gnu++0x";
				CLANG_CXX_LIBRARY = "libc++";
				CLANG_ENABLE_MODULES = YES;
				CLANG_ENABLE_OBJC_ARC = YES;
				CLANG_WARN_BOOL_CONVERSION = YES;
				CLANG_WARN_CONSTANT_CONVERSION = YES;
				CLANG_WARN_DIRECT_OBJC_ISA_USAGE = YES_ERROR;
				CLANG_WARN_EMPTY_BODY = YES;
				CLANG_WARN_ENUM_CONVERSION = YES;
				CLANG_WARN_INT_CONVERSION = YES;
				CLANG_WARN_OBJC_ROOT_CLASS = YES_ERROR;
				CLANG_WARN_UNREACHABLE_CODE = YES;
				CLANG_WARN__DUPLICATE_METHOD_MATCH = YES;
				"CODE_SIGN_IDENTITY[sdk=iphoneos*]" = "iPhone Developer";
				COPY_PHASE_STRIP = NO;
				DEBUG_INFORMATION_FORMAT = "dwarf-with-dsym";
				ENABLE_NS_ASSERTIONS = NO;
				ENABLE_STRICT_OBJC_MSGSEND = YES;
				GCC_C_LANGUAGE_STANDARD = gnu99;
				GCC_NO_COMMON_BLOCKS = YES;
				GCC_WARN_64_TO_32_BIT_CONVERSION = YES;
				GCC_WARN_ABOUT_RETURN_TYPE = YES_ERROR;
				GCC_WARN_UNDECLARED_SELECTOR = YES;
				GCC_WARN_UNINITIALIZED_AUTOS = YES_AGGRESSIVE;
				GCC_WARN_UNUSED_FUNCTION = YES;
				GCC_WARN_UNUSED_VARIABLE = YES;
				IPHONEOS_DEPLOYMENT_TARGET = 9.3;
				MTL_ENABLE_DEBUG_INFO = NO;
				SDKROOT = iphoneos;
				TARGETED_DEVICE_FAMILY = "1,2";
				VALIDATE_PRODUCT = YES;
			};
			name = Release;
		};
		67E5248E1D01E3920092743A /* Debug */ = {
			isa = XCBuildConfiguration;
			buildSettings = {
				ASSETCATALOG_COMPILER_APPICON_NAME = AppIcon;
				CODE_SIGN_IDENTITY = "iPhone Developer";
				"CODE_SIGN_IDENTITY[sdk=iphoneos*]" = "iPhone Developer";
				INFOPLIST_FILE = AnAvd/Info.plist;
				LD_RUNPATH_SEARCH_PATHS = "$(inherited) @executable_path/Frameworks";
				PRODUCT_BUNDLE_IDENTIFIER = com.allseva.AnAvd;
				PRODUCT_NAME = "$(TARGET_NAME)";
				PROVISIONING_PROFILE = "";
			};
			name = Debug;
		};
		67E5248F1D01E3920092743A /* Release */ = {
			isa = XCBuildConfiguration;
			buildSettings = {
				ASSETCATALOG_COMPILER_APPICON_NAME = AppIcon;
				CODE_SIGN_IDENTITY = "iPhone Developer";
				"CODE_SIGN_IDENTITY[sdk=iphoneos*]" = "iPhone Developer";
				INFOPLIST_FILE = AnAvd/Info.plist;
				LD_RUNPATH_SEARCH_PATHS = "$(inherited) @executable_path/Frameworks";
				PRODUCT_BUNDLE_IDENTIFIER = com.allseva.AnAvd;
				PRODUCT_NAME = "$(TARGET_NAME)";
				PROVISIONING_PROFILE = "";
			};
			name = Release;
		};
		67E524911D01E3920092743A /* Debug */ = {
			isa = XCBuildConfiguration;
			buildSettings = {
				BUNDLE_LOADER = "$(TEST_HOST)";
				INFOPLIST_FILE = AnAvdTests/Info.plist;
				LD_RUNPATH_SEARCH_PATHS = "$(inherited) @executable_path/Frameworks @loader_path/Frameworks";
				PRODUCT_BUNDLE_IDENTIFIER = com.allseva.AnAvdTests;
				PRODUCT_NAME = "$(TARGET_NAME)";
				TEST_HOST = "$(BUILT_PRODUCTS_DIR)/AnAvd.app/AnAvd";
			};
			name = Debug;
		};
		67E524921D01E3920092743A /* Release */ = {
			isa = XCBuildConfiguration;
			buildSettings = {
				BUNDLE_LOADER = "$(TEST_HOST)";
				INFOPLIST_FILE = AnAvdTests/Info.plist;
				LD_RUNPATH_SEARCH_PATHS = "$(inherited) @executable_path/Frameworks @loader_path/Frameworks";
				PRODUCT_BUNDLE_IDENTIFIER = com.allseva.AnAvdTests;
				PRODUCT_NAME = "$(TARGET_NAME)";
				TEST_HOST = "$(BUILT_PRODUCTS_DIR)/AnAvd.app/AnAvd";
			};
			name = Release;
		};
		67E524941D01E3920092743A /* Debug */ = {
			isa = XCBuildConfiguration;
			buildSettings = {
				INFOPLIST_FILE = AnAvdUITests/Info.plist;
				LD_RUNPATH_SEARCH_PATHS = "$(inherited) @executable_path/Frameworks @loader_path/Frameworks";
				PRODUCT_BUNDLE_IDENTIFIER = com.allseva.AnAvdUITests;
				PRODUCT_NAME = "$(TARGET_NAME)";
				TEST_TARGET_NAME = AnAvd;
			};
			name = Debug;
		};
		67E524951D01E3920092743A /* Release */ = {
			isa = XCBuildConfiguration;
			buildSettings = {
				INFOPLIST_FILE = AnAvdUITests/Info.plist;
				LD_RUNPATH_SEARCH_PATHS = "$(inherited) @executable_path/Frameworks @loader_path/Frameworks";
				PRODUCT_BUNDLE_IDENTIFIER = com.allseva.AnAvdUITests;
				PRODUCT_NAME = "$(TARGET_NAME)";
				TEST_TARGET_NAME = AnAvd;
			};
			name = Release;
		};
/* End XCBuildConfiguration section */

/* Begin XCConfigurationList section */
		67E5245B1D01E3920092743A /* Build configuration list for PBXProject "AnAvd" */ = {
			isa = XCConfigurationList;
			buildConfigurations = (
				67E5248B1D01E3920092743A /* Debug */,
				67E5248C1D01E3920092743A /* Release */,
			);
			defaultConfigurationIsVisible = 0;
			defaultConfigurationName = Release;
		};
		67E5248D1D01E3920092743A /* Build configuration list for PBXNativeTarget "AnAvd" */ = {
			isa = XCConfigurationList;
			buildConfigurations = (
				67E5248E1D01E3920092743A /* Debug */,
				67E5248F1D01E3920092743A /* Release */,
			);
			defaultConfigurationIsVisible = 0;
		};
		67E524901D01E3920092743A /* Build configuration list for PBXNativeTarget "AnAvdTests" */ = {
			isa = XCConfigurationList;
			buildConfigurations = (
				67E524911D01E3920092743A /* Debug */,
				67E524921D01E3920092743A /* Release */,
			);
			defaultConfigurationIsVisible = 0;
		};
		67E524931D01E3920092743A /* Build configuration list for PBXNativeTarget "AnAvdUITests" */ = {
			isa = XCConfigurationList;
			buildConfigurations = (
				67E524941D01E3920092743A /* Debug */,
				67E524951D01E3920092743A /* Release */,
			);
			defaultConfigurationIsVisible = 0;
		};
/* End XCConfigurationList section */
	};
	rootObject = 67E524581D01E3920092743A /* Project object */;
}
